%{"flatbuffer_port": {:git, "https://github.com/reimerei/elixir-flatbuffers", "2d3c85abb37487f981470310a030c23747201e55", [branch: "master"]},
  "flatbuffers": {:git, "https://github.com/reimerei/flatbuffers.git", "c72dcef7c5124900bc8ad88bde220b8577cc2018", [branch: "no_spaces"]},
  "jiffy": {:git, "https://github.com/davisp/jiffy.git", "cfc61a2e952dc3182e0f9b1473467563699992e2", [branch: "master"]},
  "poison": {:hex, :poison, "1.5.0", "f2f4f460623a6f154683abae34352525e1d918380267cdbd949a07ba57503248", [:mix], [], "hexpm"}}
